
Microsoft Visual Studio Solution File, Format Version 12.00
# Visual Studio Version 17
VisualStudioVersion = 17.8.34511.84
MinimumVisualStudioVersion = 10.0.40219.1
Project("{9A19103F-16F7-4668-BE54-9A1E7A4F7556}") = "RandomDataFetcher.FunctionApp", "RandomDataFetcher.Web\RandomDataFetcher.FunctionApp\RandomDataFetcher.FunctionApp.csproj", "{60B4E0CE-78E6-4D91-A07E-C6041A6FFF0B}"
EndProject
Project("{2150E333-8FDC-42A3-9474-1A3956D46DE8}") = "RandomDataFetcher.Web", "RandomDataFetcher.Web", "{323F3A6F-8D07-4570-960E-9A6EA0DE5176}"
EndProject
Project("{FAE04EC0-301F-11D3-BF4B-00C04F79EFBC}") = "RandomDataFetcher.Application", "RandomDataFetcher.Application\RandomDataFetcher.Application.csproj", "{BBFF6260-9067-4417-8C98-4FBB693FB0A1}"
EndProject
Project("{FAE04EC0-301F-11D3-BF4B-00C04F79EFBC}") = "RandomDataFetcher.Domain", "RandomDataFetcher.Domain\RandomDataFetcher.Domain.csproj", "{45025A0D-F6D4-402C-8815-4B2780C2F841}"
EndProject
Project("{FAE04EC0-301F-11D3-BF4B-00C04F79EFBC}") = "RandomDataFetcher.Infrastructure", "RandomDataFetcher.Infrastructure\RandomDataFetcher.Infrastructure.csproj", "{91A14545-5727-45F7-907A-8A31D5A0DB85}"
EndProject
Project("{FAE04EC0-301F-11D3-BF4B-00C04F79EFBC}") = "RandomDataFetcher.Contracts", "RandomDataFetcher.Contracts\RandomDataFetcher.Contracts.csproj", "{2011F45A-1E7F-4FA0-9091-DDBC82F2040B}"
EndProject
Project("{2150E333-8FDC-42A3-9474-1A3956D46DE8}") = "test", "test", "{44000A32-1AD1-4ED5-AF2B-808350516542}"
EndProject
Project("{FAE04EC0-301F-11D3-BF4B-00C04F79EFBC}") = "RandomDataFetcher.Application.Tests", "tests\RandomDataFetcher.Application.Tests\RandomDataFetcher.Application.Tests.csproj", "{ACA60EA3-30DE-41A8-B4EE-5ED6C1988BC3}"
EndProject
Global
	GlobalSection(SolutionConfigurationPlatforms) = preSolution
		Debug|Any CPU = Debug|Any CPU
		Release|Any CPU = Release|Any CPU
	EndGlobalSection
	GlobalSection(ProjectConfigurationPlatforms) = postSolution
		{60B4E0CE-78E6-4D91-A07E-C6041A6FFF0B}.Debug|Any CPU.ActiveCfg = Debug|Any CPU
		{60B4E0CE-78E6-4D91-A07E-C6041A6FFF0B}.Debug|Any CPU.Build.0 = Debug|Any CPU
		{60B4E0CE-78E6-4D91-A07E-C6041A6FFF0B}.Release|Any CPU.ActiveCfg = Release|Any CPU
		{60B4E0CE-78E6-4D91-A07E-C6041A6FFF0B}.Release|Any CPU.Build.0 = Release|Any CPU
		{BBFF6260-9067-4417-8C98-4FBB693FB0A1}.Debug|Any CPU.ActiveCfg = Debug|Any CPU
		{BBFF6260-9067-4417-8C98-4FBB693FB0A1}.Debug|Any CPU.Build.0 = Debug|Any CPU
		{BBFF6260-9067-4417-8C98-4FBB693FB0A1}.Release|Any CPU.ActiveCfg = Release|Any CPU
		{BBFF6260-9067-4417-8C98-4FBB693FB0A1}.Release|Any CPU.Build.0 = Release|Any CPU
		{45025A0D-F6D4-402C-8815-4B2780C2F841}.Debug|Any CPU.ActiveCfg = Debug|Any CPU
		{45025A0D-F6D4-402C-8815-4B2780C2F841}.Debug|Any CPU.Build.0 = Debug|Any CPU
		{45025A0D-F6D4-402C-8815-4B2780C2F841}.Release|Any CPU.ActiveCfg = Release|Any CPU
		{45025A0D-F6D4-402C-8815-4B2780C2F841}.Release|Any CPU.Build.0 = Release|Any CPU
		{91A14545-5727-45F7-907A-8A31D5A0DB85}.Debug|Any CPU.ActiveCfg = Debug|Any CPU
		{91A14545-5727-45F7-907A-8A31D5A0DB85}.Debug|Any CPU.Build.0 = Debug|Any CPU
		{91A14545-5727-45F7-907A-8A31D5A0DB85}.Release|Any CPU.ActiveCfg = Release|Any CPU
		{91A14545-5727-45F7-907A-8A31D5A0DB85}.Release|Any CPU.Build.0 = Release|Any CPU
		{2011F45A-1E7F-4FA0-9091-DDBC82F2040B}.Debug|Any CPU.ActiveCfg = Debug|Any CPU
		{2011F45A-1E7F-4FA0-9091-DDBC82F2040B}.Debug|Any CPU.Build.0 = Debug|Any CPU
		{2011F45A-1E7F-4FA0-9091-DDBC82F2040B}.Release|Any CPU.ActiveCfg = Release|Any CPU
		{2011F45A-1E7F-4FA0-9091-DDBC82F2040B}.Release|Any CPU.Build.0 = Release|Any CPU
		{ACA60EA3-30DE-41A8-B4EE-5ED6C1988BC3}.Debug|Any CPU.ActiveCfg = Debug|Any CPU
		{ACA60EA3-30DE-41A8-B4EE-5ED6C1988BC3}.Debug|Any CPU.Build.0 = Debug|Any CPU
		{ACA60EA3-30DE-41A8-B4EE-5ED6C1988BC3}.Release|Any CPU.ActiveCfg = Release|Any CPU
		{ACA60EA3-30DE-41A8-B4EE-5ED6C1988BC3}.Release|Any CPU.Build.0 = Release|Any CPU
	EndGlobalSection
	GlobalSection(SolutionProperties) = preSolution
		HideSolutionNode = FALSE
	EndGlobalSection
	GlobalSection(NestedProjects) = preSolution
		{60B4E0CE-78E6-4D91-A07E-C6041A6FFF0B} = {323F3A6F-8D07-4570-960E-9A6EA0DE5176}
		{ACA60EA3-30DE-41A8-B4EE-5ED6C1988BC3} = {44000A32-1AD1-4ED5-AF2B-808350516542}
	EndGlobalSection
	GlobalSection(ExtensibilityGlobals) = postSolution
		SolutionGuid = {4BD048FB-3D20-4CBB-BE82-56862B287FB6}
	EndGlobalSection
EndGlobal
